// !$*UTF8*$!
{
	archiveVersion = 1;
	classes = {
	};
	objectVersion = 55;
	objects = {

/* Begin PBXBuildFile section */
		D4B4EC782909A9DB006A9E8D /* AppDelegate.swift in Sources */ = {isa = PBXBuildFile; fileRef = D4B4EC772909A9DB006A9E8D /* AppDelegate.swift */; };
		D4B4EC7A2909A9DB006A9E8D /* SceneDelegate.swift in Sources */ = {isa = PBXBuildFile; fileRef = D4B4EC792909A9DB006A9E8D /* SceneDelegate.swift */; };
		D4B4EC7C2909A9DB006A9E8D /* ViewController.swift in Sources */ = {isa = PBXBuildFile; fileRef = D4B4EC7B2909A9DB006A9E8D /* ViewController.swift */; };
		D4B4EC7F2909A9DB006A9E8D /* Main.storyboard in Resources */ = {isa = PBXBuildFile; fileRef = D4B4EC7D2909A9DB006A9E8D /* Main.storyboard */; };
		D4B4EC812909A9E3006A9E8D /* Assets.xcassets in Resources */ = {isa = PBXBuildFile; fileRef = D4B4EC802909A9E3006A9E8D /* Assets.xcassets */; };
		D4B4EC842909A9E3006A9E8D /* LaunchScreen.storyboard in Resources */ = {isa = PBXBuildFile; fileRef = D4B4EC822909A9E3006A9E8D /* LaunchScreen.storyboard */; };
		D4B4EC8C2909AA25006A9E8D /* Mobile.swift in Sources */ = {isa = PBXBuildFile; fileRef = D4B4EC8B2909AA25006A9E8D /* Mobile.swift */; };
		D4B4EC902909B692006A9E8D /* Storage.swift in Sources */ = {isa = PBXBuildFile; fileRef = D4B4EC8F2909B692006A9E8D /* Storage.swift */; };
/* End PBXBuildFile section */

/* Begin PBXFileReference section */
		D4B4EC742909A9DB006A9E8D /* MobilePhoneStorage.app */ = {isa = PBXFileReference; explicitFileType = wrapper.application; includeInIndex = 0; path = MobilePhoneStorage.app; sourceTree = BUILT_PRODUCTS_DIR; };
		D4B4EC772909A9DB006A9E8D /* AppDelegate.swift */ = {isa = PBXFileReference; lastKnownFileType = sourcecode.swift; path = AppDelegate.swift; sourceTree = "<group>"; };
		D4B4EC792909A9DB006A9E8D /* SceneDelegate.swift */ = {isa = PBXFileReference; lastKnownFileType = sourcecode.swift; path = SceneDelegate.swift; sourceTree = "<group>"; };
		D4B4EC7B2909A9DB006A9E8D /* ViewController.swift */ = {isa = PBXFileReference; lastKnownFileType = sourcecode.swift; path = ViewController.swift; sourceTree = "<group>"; };
		D4B4EC7E2909A9DB006A9E8D /* Base */ = {isa = PBXFileReference; lastKnownFileType = file.storyboard; name = Base; path = Base.lproj/Main.storyboard; sourceTree = "<group>"; };
		D4B4EC802909A9E3006A9E8D /* Assets.xcassets */ = {isa = PBXFileReference; lastKnownFileType = folder.assetcatalog; path = Assets.xcassets; sourceTree = "<group>"; };
		D4B4EC832909A9E3006A9E8D /* Base */ = {isa = PBXFileReference; lastKnownFileType = file.storyboard; name = Base; path = Base.lproj/LaunchScreen.storyboard; sourceTree = "<group>"; };
		D4B4EC852909A9E3006A9E8D /* Info.plist */ = {isa = PBXFileReference; lastKnownFileType = text.plist.xml; path = Info.plist; sourceTree = "<group>"; };
		D4B4EC8B2909AA25006A9E8D /* Mobile.swift */ = {isa = PBXFileReference; lastKnownFileType = sourcecode.swift; path = Mobile.swift; sourceTree = "<group>"; };
		D4B4EC8F2909B692006A9E8D /* Storage.swift */ = {isa = PBXFileReference; lastKnownFileType = sourcecode.swift; path = Storage.swift; sourceTree = "<group>"; };
/* End PBXFileReference section */

/* Begin PBXFrameworksBuildPhase section */
		D4B4EC712909A9DB006A9E8D /* Frameworks */ = {
			isa = PBXFrameworksBuildPhase;
			buildActionMask = 2147483647;
			files = (
			);
			runOnlyForDeploymentPostprocessing = 0;
		};
/* End PBXFrameworksBuildPhase section */

/* Begin PBXGroup section */
		D4B4EC6B2909A9DB006A9E8D = {
			isa = PBXGroup;
			children = (
				D4B4EC762909A9DB006A9E8D /* MobilePhoneStorage */,
				D4B4EC752909A9DB006A9E8D /* Products */,
			);
			sourceTree = "<group>";
		};
		D4B4EC752909A9DB006A9E8D /* Products */ = {
			isa = PBXGroup;
			children = (
				D4B4EC742909A9DB006A9E8D /* MobilePhoneStorage.app */,
			);
			name = Products;
			sourceTree = "<group>";
		};
		D4B4EC762909A9DB006A9E8D /* MobilePhoneStorage */ = {
			isa = PBXGroup;
			children = (
				D4B4EC772909A9DB006A9E8D /* AppDelegate.swift */,
				D4B4EC792909A9DB006A9E8D /* SceneDelegate.swift */,
				D4B4EC7B2909A9DB006A9E8D /* ViewController.swift */,
				D4B4EC8B2909AA25006A9E8D /* Mobile.swift */,
				D4B4EC8F2909B692006A9E8D /* Storage.swift */,
				D4B4EC7D2909A9DB006A9E8D /* Main.storyboard */,
				D4B4EC802909A9E3006A9E8D /* Assets.xcassets */,
				D4B4EC822909A9E3006A9E8D /* LaunchScreen.storyboard */,
				D4B4EC852909A9E3006A9E8D /* Info.plist */,
			);
			path = MobilePhoneStorage;
			sourceTree = "<group>";
		};
/* End PBXGroup section */

/* Begin PBXNativeTarget section */
		D4B4EC732909A9DB006A9E8D /* MobilePhoneStorage */ = {
			isa = PBXNativeTarget;
			buildConfigurationList = D4B4EC882909A9E3006A9E8D /* Build configuration list for PBXNativeTarget "MobilePhoneStorage" */;
			buildPhases = (
				D4B4EC702909A9DB006A9E8D /* Sources */,
				D4B4EC712909A9DB006A9E8D /* Frameworks */,
				D4B4EC722909A9DB006A9E8D /* Resources */,
			);
			buildRules = (
			);
			dependencies = (
			);
			name = MobilePhoneStorage;
			productName = MobilePhoneStorage;
			productReference = D4B4EC742909A9DB006A9E8D /* MobilePhoneStorage.app */;
			productType = "com.apple.product-type.application";
		};
/* End PBXNativeTarget section */

/* Begin PBXProject section */
		D4B4EC6C2909A9DB006A9E8D /* Project object */ = {
			isa = PBXProject;
			attributes = {
				BuildIndependentTargetsInParallel = 1;
				LastSwiftUpdateCheck = 1330;
				LastUpgradeCheck = 1330;
				TargetAttributes = {
					D4B4EC732909A9DB006A9E8D = {
						CreatedOnToolsVersion = 13.3.1;
					};
				};
			};
			buildConfigurationList = D4B4EC6F2909A9DB006A9E8D /* Build configuration list for PBXProject "MobilePhoneStorage" */;
			compatibilityVersion = "Xcode 13.0";
			developmentRegion = en;
			hasScannedForEncodings = 0;
			knownRegions = (
				en,
				Base,
			);
			mainGroup = D4B4EC6B2909A9DB006A9E8D;
			productRefGroup = D4B4EC752909A9DB006A9E8D /* Products */;
			projectDirPath = "";
			projectRoot = "";
			targets = (
				D4B4EC732909A9DB006A9E8D /* MobilePhoneStorage */,
			);
		};
/* End PBXProject section */

/* Begin PBXResourcesBuildPhase section */
		D4B4EC722909A9DB006A9E8D /* Resources */ = {
			isa = PBXResourcesBuildPhase;
			buildActionMask = 2147483647;
			files = (
				D4B4EC842909A9E3006A9E8D /* LaunchScreen.storyboard in Resources */,
				D4B4EC812909A9E3006A9E8D /* Assets.xcassets in Resources */,
				D4B4EC7F2909A9DB006A9E8D /* Main.storyboard in Resources */,
			);
			runOnlyForDeploymentPostprocessing = 0;
		};
/* End PBXResourcesBuildPhase section */

/* Begin PBXSourcesBuildPhase section */
		D4B4EC702909A9DB006A9E8D /* Sources */ = {
			isa = PBXSourcesBuildPhase;
			buildActionMask = 2147483647;
			files = (
				D4B4EC7C2909A9DB006A9E8D /* ViewController.swift in Sources */,
				D4B4EC782909A9DB006A9E8D /* AppDelegate.swift in Sources */,
				D4B4EC7A2909A9DB006A9E8D /* SceneDelegate.swift in Sources */,
				D4B4EC8C2909AA25006A9E8D /* Mobile.swift in Sources */,
				D4B4EC902909B692006A9E8D /* Storage.swift in Sources */,
			);
			runOnlyForDeploymentPostprocessing = 0;
		};
/* End PBXSourcesBuildPhase section */

/* Begin PBXVariantGroup section */
		D4B4EC7D2909A9DB006A9E8D /* Main.storyboard */ = {
			isa = PBXVariantGroup;
			children = (
				D4B4EC7E2909A9DB006A9E8D /* Base */,
			);
			name = Main.storyboard;
			sourceTree = "<group>";
		};
		D4B4EC822909A9E3006A9E8D /* LaunchScreen.storyboard */ = {
			isa = PBXVariantGroup;
			children = (
				D4B4EC832909A9E3006A9E8D /* Base */,
			);
			name = LaunchScreen.storyboard;
			sourceTree = "<group>";
		};
/* End PBXVariantGroup section */

/* Begin XCBuildConfiguration section */
		D4B4EC862909A9E3006A9E8D /* Debug */ = {
			isa = XCBuildConfiguration;
			buildSettings = {
				ALWAYS_SEARCH_USER_PATHS = NO;
				CLANG_ANALYZER_NONNULL = YES;
				CLANG_ANALYZER_NUMBER_OBJECT_CONVERSION = YES_AGGRESSIVE;
				CLANG_CXX_LANGUAGE_STANDARD = "gnu++17";
				CLANG_ENABLE_MODULES = YES;
				CLANG_ENABLE_OBJC_ARC = YES;
				CLANG_ENABLE_OBJC_WEAK = YES;
				CLANG_WARN_BLOCK_CAPTURE_AUTORELEASING = YES;
				CLANG_WARN_BOOL_CONVERSION = YES;
				CLANG_WARN_COMMA = YES;
				CLANG_WARN_CONSTANT_CONVERSION = YES;
				CLANG_WARN_DEPRECATED_OBJC_IMPLEMENTATIONS = YES;
				CLANG_WARN_DIRECT_OBJC_ISA_USAGE = YES_ERROR;
				CLANG_WARN_DOCUMENTATION_COMMENTS = YES;
				CLANG_WARN_EMPTY_BODY = YES;
				CLANG_WARN_ENUM_CONVERSION = YES;
				CLANG_WARN_INFINITE_RECURSION = YES;
				CLANG_WARN_INT_CONVERSION = YES;
				CLANG_WARN_NON_LITERAL_NULL_CONVERSION = YES;
				CLANG_WARN_OBJC_IMPLICIT_RETAIN_SELF = YES;
				CLANG_WARN_OBJC_LITERAL_CONVERSION = YES;
				CLANG_WARN_OBJC_ROOT_CLASS = YES_ERROR;
				CLANG_WARN_QUOTED_INCLUDE_IN_FRAMEWORK_HEADER = YES;
				CLANG_WARN_RANGE_LOOP_ANALYSIS = YES;
				CLANG_WARN_STRICT_PROTOTYPES = YES;
				CLANG_WARN_SUSPICIOUS_MOVE = YES;
				CLANG_WARN_UNGUARDED_AVAILABILITY = YES_AGGRESSIVE;
				CLANG_WARN_UNREACHABLE_CODE = YES;
				CLANG_WARN__DUPLICATE_METHOD_MATCH = YES;
				COPY_PHASE_STRIP = NO;
				DEBUG_INFORMATION_FORMAT = dwarf;
				ENABLE_STRICT_OBJC_MSGSEND = YES;
				ENABLE_TESTABILITY = YES;
				GCC_C_LANGUAGE_STANDARD = gnu11;
				GCC_DYNAMIC_NO_PIC = NO;
				GCC_NO_COMMON_BLOCKS = YES;
				GCC_OPTIMIZATION_LEVEL = 0;
				GCC_PREPROCESSOR_DEFINITIONS = (
					"DEBUG=1",
					"$(inherited)",
				);
				GCC_WARN_64_TO_32_BIT_CONVERSION = YES;
				GCC_WARN_ABOUT_RETURN_TYPE = YES_ERROR;
				GCC_WARN_UNDECLARED_SELECTOR = YES;
				GCC_WARN_UNINITIALIZED_AUTOS = YES_AGGRESSIVE;
				GCC_WARN_UNUSED_FUNCTION = YES;
				GCC_WARN_UNUSED_VARIABLE = YES;
				IPHONEOS_DEPLOYMENT_TARGET = 15.4;
				MTL_ENABLE_DEBUG_INFO = INCLUDE_SOURCE;
				MTL_FAST_MATH = YES;
				ONLY_ACTIVE_ARCH = YES;
				SDKROOT = iphoneos;
				SWIFT_ACTIVE_COMPILATION_CONDITIONS = DEBUG;
				SWIFT_OPTIMIZATION_LEVEL = "-Onone";
			};
			name = Debug;
		};
		D4B4EC872909A9E3006A9E8D /* Release */ = {
			isa = XCBuildConfiguration;
			buildSettings = {
				ALWAYS_SEARCH_USER_PATHS = NO;
				CLANG_ANALYZER_NONNULL = YES;
				CLANG_ANALYZER_NUMBER_OBJECT_CONVERSION = YES_AGGRESSIVE;
				CLANG_CXX_LANGUAGE_STANDARD = "gnu++17";
				CLANG_ENABLE_MODULES = YES;
				CLANG_ENABLE_OBJC_ARC = YES;
				CLANG_ENABLE_OBJC_WEAK = YES;
				CLANG_WARN_BLOCK_CAPTURE_AUTORELEASING = YES;
				CLANG_WARN_BOOL_CONVERSION = YES;
				CLANG_WARN_COMMA = YES;
				CLANG_WARN_CONSTANT_CONVERSION = YES;
				CLANG_WARN_DEPRECATED_OBJC_IMPLEMENTATIONS = YES;
				CLANG_WARN_DIRECT_OBJC_ISA_USAGE = YES_ERROR;
				CLANG_WARN_DOCUMENTATION_COMMENTS = YES;
				CLANG_WARN_EMPTY_BODY = YES;
				CLANG_WARN_ENUM_CONVERSION = YES;
				CLANG_WARN_INFINITE_RECURSION = YES;
				CLANG_WARN_INT_CONVERSION = YES;
				CLANG_WARN_NON_LITERAL_NULL_CONVERSION = YES;
				CLANG_WARN_OBJC_IMPLICIT_RETAIN_SELF = YES;
				CLANG_WARN_OBJC_LITERAL_CONVERSION = YES;
				CLANG_WARN_OBJC_ROOT_CLASS = YES_ERROR;
				CLANG_WARN_QUOTED_INCLUDE_IN_FRAMEWORK_HEADER = YES;
				CLANG_WARN_RANGE_LOOP_ANALYSIS = YES;
				CLANG_WARN_STRICT_PROTOTYPES = YES;
				CLANG_WARN_SUSPICIOUS_MOVE = YES;
				CLANG_WARN_UNGUARDED_AVAILABILITY = YES_AGGRESSIVE;
				CLANG_WARN_UNREACHABLE_CODE = YES;
				CLANG_WARN__DUPLICATE_METHOD_MATCH = YES;
				COPY_PHASE_STRIP = NO;
				DEBUG_INFORMATION_FORMAT = "dwarf-with-dsym";
				ENABLE_NS_ASSERTIONS = NO;
				ENABLE_STRICT_OBJC_MSGSEND = YES;
				GCC_C_LANGUAGE_STANDARD = gnu11;
				GCC_NO_COMMON_BLOCKS = YES;
				GCC_WARN_64_TO_32_BIT_CONVERSION = YES;
				GCC_WARN_ABOUT_RETURN_TYPE = YES_ERROR;
				GCC_WARN_UNDECLARED_SELECTOR = YES;
				GCC_WARN_UNINITIALIZED_AUTOS = YES_AGGRESSIVE;
				GCC_WARN_UNUSED_FUNCTION = YES;
				GCC_WARN_UNUSED_VARIABLE = YES;
				IPHONEOS_DEPLOYMENT_TARGET = 15.4;
				MTL_ENABLE_DEBUG_INFO = NO;
				MTL_FAST_MATH = YES;
				SDKROOT = iphoneos;
				SWIFT_COMPILATION_MODE = wholemodule;
				SWIFT_OPTIMIZATION_LEVEL = "-O";
				VALIDATE_PRODUCT = YES;
			};
			name = Release;
		};
		D4B4EC892909A9E3006A9E8D /* Debug */ = {
			isa = XCBuildConfiguration;
			buildSettings = {
				ASSETCATALOG_COMPILER_APPICON_NAME = AppIcon;
				ASSETCATALOG_COMPILER_GLOBAL_ACCENT_COLOR_NAME = AccentColor;
				CODE_SIGN_STYLE = Automatic;
				CURRENT_PROJECT_VERSION = 1;
				DEVELOPMENT_TEAM = "";
				GENERATE_INFOPLIST_FILE = YES;
				INFOPLIST_FILE = MobilePhoneStorage/Info.plist;
				INFOPLIST_KEY_UIApplicationSupportsIndirectInputEvents = YES;
				INFOPLIST_KEY_UILaunchStoryboardName = LaunchScreen;
				INFOPLIST_KEY_UIMainStoryboardFile = Main;
				INFOPLIST_KEY_UISupportedInterfaceOrientations_iPad = "UIInterfaceOrientationPortrait UIInterfaceOrientationPortraitUpsideDown UIInterfaceOrientationLandscapeLeft UIInterfaceOrientationLandscapeRight";
				INFOPLIST_KEY_UISupportedInterfaceOrientations_iPhone = "UIInterfaceOrientationPortrait UIInterfaceOrientationLandscapeLeft UIInterfaceOrientationLandscapeRight";
				LD_RUNPATH_SEARCH_PATHS = (
					"$(inherited)",
					"@executable_path/Frameworks",
				);
				MARKETING_VERSION = 1.0;
				PRODUCT_BUNDLE_IDENTIFIER = Dev.MobilePhoneStorage;
				PRODUCT_NAME = "$(TARGET_NAME)";
				SWIFT_EMIT_LOC_STRINGS = YES;
				SWIFT_VERSION = 5.0;
				TARGETED_DEVICE_FAMILY = "1,2";
			};
			name = Debug;
		};
		D4B4EC8A2909A9E3006A9E8D /* Release */ = {
			isa = XCBuildConfiguration;
			buildSettings = {
				ASSETCATALOG_COMPILER_APPICON_NAME = AppIcon;
				ASSETCATALOG_COMPILER_GLOBAL_ACCENT_COLOR_NAME = AccentColor;
				CODE_SIGN_STYLE = Automatic;
				CURRENT_PROJECT_VERSION = 1;
				DEVELOPMENT_TEAM = "";
				GENERATE_INFOPLIST_FILE = YES;
				INFOPLIST_FILE = MobilePhoneStorage/Info.plist;
				INFOPLIST_KEY_UIApplicationSupportsIndirectInputEvents = YES;
				INFOPLIST_KEY_UILaunchStoryboardName = LaunchScreen;
				INFOPLIST_KEY_UIMainStoryboardFile = Main;
				INFOPLIST_KEY_UISupportedInterfaceOrientations_iPad = "UIInterfaceOrientationPortrait UIInterfaceOrientationPortraitUpsideDown UIInterfaceOrientationLandscapeLeft UIInterfaceOrientationLandscapeRight";
				INFOPLIST_KEY_UISupportedInterfaceOrientations_iPhone = "UIInterfaceOrientationPortrait UIInterfaceOrientationLandscapeLeft UIInterfaceOrientationLandscapeRight";
				LD_RUNPATH_SEARCH_PATHS = (
					"$(inherited)",
					"@executable_path/Frameworks",
				);
				MARKETING_VERSION = 1.0;
				PRODUCT_BUNDLE_IDENTIFIER = Dev.MobilePhoneStorage;
				PRODUCT_NAME = "$(TARGET_NAME)";
				SWIFT_EMIT_LOC_STRINGS = YES;
				SWIFT_VERSION = 5.0;
				TARGETED_DEVICE_FAMILY = "1,2";
			};
			name = Release;
		};
/* End XCBuildConfiguration section */

/* Begin XCConfigurationList section */
		D4B4EC6F2909A9DB006A9E8D /* Build configuration list for PBXProject "MobilePhoneStorage" */ = {
			isa = XCConfigurationList;
			buildConfigurations = (
				D4B4EC862909A9E3006A9E8D /* Debug */,
				D4B4EC872909A9E3006A9E8D /* Release */,
			);
			defaultConfigurationIsVisible = 0;
			defaultConfigurationName = Release;
		};
		D4B4EC882909A9E3006A9E8D /* Build configuration list for PBXNativeTarget "MobilePhoneStorage" */ = {
			isa = XCConfigurationList;
			buildConfigurations = (
				D4B4EC892909A9E3006A9E8D /* Debug */,
				D4B4EC8A2909A9E3006A9E8D /* Release */,
			);
			defaultConfigurationIsVisible = 0;
			defaultConfigurationName = Release;
		};
/* End XCConfigurationList section */
	};
	rootObject = D4B4EC6C2909A9DB006A9E8D /* Project object */;
}
